
Microsoft Visual Studio Solution File, Format Version 9.00
# Visual Studio 2005
Project("{FAE04EC0-301F-11D3-BF4B-00C04F79EFBC}") = "embroideryReader", "embroideryReader\embroideryReader.csproj", "{0A9A24AD-60F0-4664-BCC6-2B98B3E8B565}"
EndProject
Project("{FAE04EC0-301F-11D3-BF4B-00C04F79EFBC}") = "emroideryTester", "emroideryTester\emroideryTester.csproj", "{A80DF4D8-967D-4352-9E1D-F22D23236BE2}"
EndProject
Project("{FAE04EC0-301F-11D3-BF4B-00C04F79EFBC}") = "embroideryInfo", "embroideryInfo\embroideryInfo.csproj", "{1E3B0E33-E0BC-41C1-B1B3-7CADD39BE362}"
EndProject
Global
	GlobalSection(SolutionConfigurationPlatforms) = preSolution
		Debug|Any CPU = Debug|Any CPU
		Release|Any CPU = Release|Any CPU
	EndGlobalSection
	GlobalSection(ProjectConfigurationPlatforms) = postSolution
		{0A9A24AD-60F0-4664-BCC6-2B98B3E8B565}.Debug|Any CPU.ActiveCfg = Debug|Any CPU
		{0A9A24AD-60F0-4664-BCC6-2B98B3E8B565}.Debug|Any CPU.Build.0 = Debug|Any CPU
		{0A9A24AD-60F0-4664-BCC6-2B98B3E8B565}.Release|Any CPU.ActiveCfg = Release|Any CPU
		{0A9A24AD-60F0-4664-BCC6-2B98B3E8B565}.Release|Any CPU.Build.0 = Release|Any CPU
		{A80DF4D8-967D-4352-9E1D-F22D23236BE2}.Debug|Any CPU.ActiveCfg = Debug|Any CPU
		{A80DF4D8-967D-4352-9E1D-F22D23236BE2}.Debug|Any CPU.Build.0 = Debug|Any CPU
		{A80DF4D8-967D-4352-9E1D-F22D23236BE2}.Release|Any CPU.ActiveCfg = Release|Any CPU
		{A80DF4D8-967D-4352-9E1D-F22D23236BE2}.Release|Any CPU.Build.0 = Release|Any CPU
		{1E3B0E33-E0BC-41C1-B1B3-7CADD39BE362}.Debug|Any CPU.ActiveCfg = Debug|Any CPU
		{1E3B0E33-E0BC-41C1-B1B3-7CADD39BE362}.Debug|Any CPU.Build.0 = Debug|Any CPU
		{1E3B0E33-E0BC-41C1-B1B3-7CADD39BE362}.Release|Any CPU.ActiveCfg = Release|Any CPU
		{1E3B0E33-E0BC-41C1-B1B3-7CADD39BE362}.Release|Any CPU.Build.0 = Release|Any CPU
	EndGlobalSection
	GlobalSection(SolutionProperties) = preSolution
		HideSolutionNode = FALSE
	EndGlobalSection
EndGlobal
